
Microsoft Visual Studio Solution File, Format Version 12.00
# Visual Studio 15
VisualStudioVersion = 15.0.26430.13
MinimumVisualStudioVersion = 10.0.40219.1
Project("{FAE04EC0-301F-11D3-BF4B-00C04F79EFBC}") = "MyProject.Test", "MyProject.Test\MyProject.Test.csproj", "{5570E838-C272-4135-95CD-13290695EF21}"
EndProject
Project("{FAE04EC0-301F-11D3-BF4B-00C04F79EFBC}") = "MyProject", "MyProject\MyProject.csproj", "{5B662CC3-7263-469D-82BA-A2FB4C3ABCD1}"
EndProject
Global
	GlobalSection(SolutionConfigurationPlatforms) = preSolution
		Debug|Any CPU = Debug|Any CPU
		Release|Any CPU = Release|Any CPU
	EndGlobalSection
	GlobalSection(ProjectConfigurationPlatforms) = postSolution
		{5570E838-C272-4135-95CD-13290695EF21}.Debug|Any CPU.ActiveCfg = Debug|Any CPU
		{5570E838-C272-4135-95CD-13290695EF21}.Debug|Any CPU.Build.0 = Debug|Any CPU
		{5570E838-C272-4135-95CD-13290695EF21}.Release|Any CPU.ActiveCfg = Release|Any CPU
		{5570E838-C272-4135-95CD-13290695EF21}.Release|Any CPU.Build.0 = Release|Any CPU
		{5B662CC3-7263-469D-82BA-A2FB4C3ABCD1}.Debug|Any CPU.ActiveCfg = Debug|Any CPU
		{5B662CC3-7263-469D-82BA-A2FB4C3ABCD1}.Debug|Any CPU.Build.0 = Debug|Any CPU
		{5B662CC3-7263-469D-82BA-A2FB4C3ABCD1}.Release|Any CPU.ActiveCfg = Release|Any CPU
		{5B662CC3-7263-469D-82BA-A2FB4C3ABCD1}.Release|Any CPU.Build.0 = Release|Any CPU
	EndGlobalSection
	GlobalSection(SolutionProperties) = preSolution
		HideSolutionNode = FALSE
	EndGlobalSection
	GlobalSection(CodealikeProperties) = postSolution
		SolutionGuid = 8825907d-7dcb-4046-8fda-4beebb2cd39d
	EndGlobalSection
EndGlobal
